PODS:
  - lottie-ios (3.1.8)
  - OpenSSL-Universal (1.1.180)
  - VideoIDLiteSDK (1.0.9):
    - lottie-ios (= 3.1.8)
    - OpenSSL-Universal (= 1.1.180)

DEPENDENCIES:
  - VideoIDLiteSDK (~> 1.0.9)

SPEC REPOS:
  trunk:
    - lottie-ios
    - OpenSSL-Universal
    - VideoIDLiteSDK

SPEC CHECKSUMS:
  lottie-ios: 48fac6be217c76937e36e340e2d09cf7b10b7f5f
  OpenSSL-Universal: 1aa4f6a6ee7256b83db99ec1ccdaa80d10f9af9b
  VideoIDLiteSDK: 875f2f7031349934f3c33ca573b7972c336fb50e

PODFILE CHECKSUM: 0dc8a4ba98f85dfad674a46656a471781b81a045

COCOAPODS: 1.11.3
